
Microsoft Visual Studio Solution File, Format Version 12.00
# Visual Studio Version 17
VisualStudioVersion = 17.9.34728.123
MinimumVisualStudioVersion = 10.0.40219.1
Project("{F2A71F9B-5D33-465A-A702-920D77279786}") = "Number_Guess", "Number_Guess\Number_Guess.fsproj", "{14393381-E2D2-4734-A717-0908F8C9DF26}"
EndProject
Global
	GlobalSection(SolutionConfigurationPlatforms) = preSolution
		Debug|Any CPU = Debug|Any CPU
		Release|Any CPU = Release|Any CPU
	EndGlobalSection
	GlobalSection(ProjectConfigurationPlatforms) = postSolution
		{14393381-E2D2-4734-A717-0908F8C9DF26}.Debug|Any CPU.ActiveCfg = Debug|Any CPU
		{14393381-E2D2-4734-A717-0908F8C9DF26}.Debug|Any CPU.Build.0 = Debug|Any CPU
		{14393381-E2D2-4734-A717-0908F8C9DF26}.Release|Any CPU.ActiveCfg = Release|Any CPU
		{14393381-E2D2-4734-A717-0908F8C9DF26}.Release|Any CPU.Build.0 = Release|Any CPU
	EndGlobalSection
	GlobalSection(SolutionProperties) = preSolution
		HideSolutionNode = FALSE
	EndGlobalSection
	GlobalSection(ExtensibilityGlobals) = postSolution
		SolutionGuid = {65D29782-FBEA-4907-AE72-5D9E87B3EECB}
	EndGlobalSection
EndGlobal
